# THIS IS AN AUTOGENERATED FILE. DO NOT EDIT THIS FILE DIRECTLY.
# yarn lockfile v1


"@next/env@13.0.7-canary.1":
  version "13.0.7-canary.1"
  resolved "https://registry.yarnpkg.com/@next/env/-/env-13.0.7-canary.1.tgz#f18ee78975a9c215c58be5e811cd3bbfc1bf8889"
  integrity sha512-pjFCstWLbHpO3wAI4H6Jueiqb9s1IB++w8e79RJvry5K2ElzRpUPXeTkjI/oLSZ6W9DDG8DTOMmJtat2o+h3jA==

"@next/swc-android-arm-eabi@13.0.7-canary.1":
  version "13.0.7-canary.1"
  resolved "https://registry.yarnpkg.com/@next/swc-android-arm-eabi/-/swc-android-arm-eabi-13.0.7-canary.1.tgz#4cc277828921f1ac0248803c3b8342b4664ccf6e"
  integrity sha512-bmUIfXap+EwEpkWqGso3fMScXpbbUHecFByjnnmWOXU21e1bhE7UfCDtXzEn3utwt8MlUwA/h/5CGf6wMFUU8w==

"@next/swc-android-arm64@13.0.7-canary.1":
  version "13.0.7-canary.1"
  resolved "https://registry.yarnpkg.com/@next/swc-android-arm64/-/swc-android-arm64-13.0.7-canary.1.tgz#1db4a1bbc606bf39c2bcb3a2242c8eef5dbb28df"
  integrity sha512-k0Wo/NgoAj1Bcp7X7fYc8C4G4Y+qiLrjqWGTQ38Cx5NHJfMJf6gUTfgc2OTBG96tKj21LwKhhg6BEqV9mRuzOg==

"@next/swc-darwin-arm64@13.0.7-canary.1":
  version "13.0.7-canary.1"
  resolved "https://registry.yarnpkg.com/@next/swc-darwin-arm64/-/swc-darwin-arm64-13.0.7-canary.1.tgz#45e717f1a30b8f31aeb0e3b6340860bd1e041413"
  integrity sha512-phrROUvPXYouNl4Bs7kRmkTcU18V2gxIbwiWonQYWROfCQJckELHM0MFOAfLbkJYRT/vcyp/o2bgiPkWv/fP8A==

"@next/swc-darwin-x64@13.0.7-canary.1":
  version "13.0.7-canary.1"
  resolved "https://registry.yarnpkg.com/@next/swc-darwin-x64/-/swc-darwin-x64-13.0.7-canary.1.tgz#88415d676116028e32fcaa09e47fb1163387ec19"
  integrity sha512-ERpeI2zWlTj4xKdhwq8h9gyMWHSCh5UNm3ekX/MCgq1Mg1cLsv/kINeVQuvVP5II5HSHoEjnw2GvAMB4ayhcUA==

"@next/swc-freebsd-x64@13.0.7-canary.1":
  version "13.0.7-canary.1"
  resolved "https://registry.yarnpkg.com/@next/swc-freebsd-x64/-/swc-freebsd-x64-13.0.7-canary.1.tgz#a375904b1e28a341c37af3a8069d54c3236b4d06"
  integrity sha512-L/YIIzaoV58UHLgiR8jfr0V9HXmUvHf1a2+1esSsTlMXZ0Y3SzcczuLgEu0/AYKEgHcfl+vcng9FBeqXtVlYyQ==

"@next/swc-linux-arm-gnueabihf@13.0.7-canary.1":
  version "13.0.7-canary.1"
  resolved "https://registry.yarnpkg.com/@next/swc-linux-arm-gnueabihf/-/swc-linux-arm-gnueabihf-13.0.7-canary.1.tgz#86e8480ba83a39f8340a3626d74a631f6b5e1401"
  integrity sha512-KVB7lAgtUgqrroqozYSCZIwVQITHhjbe99n/C6A9BYIAUtwITrLIn8Sj7D0a0sEhdDL8Y/rzXZGWMqL7f1Hg3A==

"@next/swc-linux-arm64-gnu@13.0.7-canary.1":
  version "13.0.7-canary.1"
  resolved "https://registry.yarnpkg.com/@next/swc-linux-arm64-gnu/-/swc-linux-arm64-gnu-13.0.7-canary.1.tgz#db17e7857380dd3705028889f99a4386003b53ce"
  integrity sha512-tA4yYk1+2fPgs0q6r94d7sKQosf9jZGTMXIS0yOykk246L3+npsDqyBrdCusaJv9q3Fm5S8lfwp4vqoLNtcFLg==

"@next/swc-linux-arm64-musl@13.0.7-canary.1":
  version "13.0.7-canary.1"
  resolved "https://registry.yarnpkg.com/@next/swc-linux-arm64-musl/-/swc-linux-arm64-musl-13.0.7-canary.1.tgz#d3bd2552ff3aa51cd41a540389145ffc1f83b234"
  integrity sha512-KKN/nd2g2Cixs+av1mLeiNvhm+8T8ZiuzZHRrA4h4OWwreI+weS0iXBa1sBGvNp863MxE1mxKOv2xFhSbWK/CQ==

"@next/swc-linux-x64-gnu@13.0.7-canary.1":
  version "13.0.7-canary.1"
  resolved "https://registry.yarnpkg.com/@next/swc-linux-x64-gnu/-/swc-linux-x64-gnu-13.0.7-canary.1.tgz#df3dfd734f9dcfb64ac77ee949c5cc703aaa4296"
  integrity sha512-1crxMrvO2pHmsDxSkVknchiyLHYpkKKkwhnrFYKP06bZSEONAry6VTYJ6l73PK9mp1kzFAtke5k9yG4LG0fbAQ==

"@next/swc-linux-x64-musl@13.0.7-canary.1":
  version "13.0.7-canary.1"
  resolved "https://registry.yarnpkg.com/@next/swc-linux-x64-musl/-/swc-linux-x64-musl-13.0.7-canary.1.tgz#2f19c22438bdb894dc86d467b3362c479a676f12"
  integrity sha512-1incysWrn+PEK6XRE1QnK2UI7//N6gfmeaFC1KIlRyt0JmyF8U3V+I6Qcar9nHz9hY9e8yszFQY0A9X0jsfkUQ==

"@next/swc-win32-arm64-msvc@13.0.7-canary.1":
  version "13.0.7-canary.1"
  resolved "https://registry.yarnpkg.com/@next/swc-win32-arm64-msvc/-/swc-win32-arm64-msvc-13.0.7-canary.1.tgz#7af647c59a5440d9bf9376c3175566570e89dff9"
  integrity sha512-AE5NYCeXilQnzIOma7y3cNcYVQsHJsEZ3r4/DTKvmFvuFVBkxza7Uxzi5rwD67ewSbOzir1xr+LBtI6vCmQ/Fw==

"@next/swc-win32-ia32-msvc@13.0.7-canary.1":
  version "13.0.7-canary.1"
  resolved "https://registry.yarnpkg.com/@next/swc-win32-ia32-msvc/-/swc-win32-ia32-msvc-13.0.7-canary.1.tgz#224e3d7e1ccd6d7d4091637beb476a93d7abdde1"
  integrity sha512-kG84cAm/FZsK3u2vgcUpQRT28NEA+vMTMrp4ufdHPu+c0o0aEcLqh3yQstWqw+hGpYQxiB0EF95K9bbRfHkgOQ==

"@next/swc-win32-x64-msvc@13.0.7-canary.1":
  version "13.0.7-canary.1"
  resolved "https://registry.yarnpkg.com/@next/swc-win32-x64-msvc/-/swc-win32-x64-msvc-13.0.7-canary.1.tgz#0ae38e8206eb9abba69d38af96f6ba3bade11a17"
  integrity sha512-FrEMvjaPJ3g2BcQp0aovr4Jj5L/KnvWlnvw5fIPMMoDmUYuMkbR4ZbAvIrOaLGCRiO0862kcoCcdhZ75AwzU2g==

"@swc/helpers@0.4.14":
  version "0.4.14"
  resolved "https://registry.yarnpkg.com/@swc/helpers/-/helpers-0.4.14.tgz#1352ac6d95e3617ccb7c1498ff019654f1e12a74"
  integrity sha512-4C7nX/dvpzB7za4Ql9K81xK3HPxCpHMgwTZVyf+9JQ6VUbn9jjZVN7/Nkdz/Ugzs2CSjqnL/UPXroiVBVHUWUw==
  dependencies:
    tslib "^2.4.0"

"@types/node@^18.0.0":
  version "18.11.10"
  resolved "https://registry.yarnpkg.com/@types/node/-/node-18.11.10.tgz#4c64759f3c2343b7e6c4b9caf761c7a3a05cee34"
  integrity sha512-juG3RWMBOqcOuXC643OAdSA525V44cVgGV6dUDuiFtss+8Fk5x1hI93Rsld43VeJVIeqlP9I7Fn9/qaVqoEAuQ==

"@types/prop-types@*":
  version "15.7.5"
  resolved "https://registry.yarnpkg.com/@types/prop-types/-/prop-types-15.7.5.tgz#5f19d2b85a98e9558036f6a3cacc8819420f05cf"
  integrity sha512-JCB8C6SnDoQf0cNycqd/35A7MjcnK+ZTqE7judS6o7utxUCg6imJg3QK2qzHKszlTjcj2cn+NwMB2i96ubpj7w==

"@types/react@^18.0.14":
  version "18.0.26"
  resolved "https://registry.yarnpkg.com/@types/react/-/react-18.0.26.tgz#8ad59fc01fef8eaf5c74f4ea392621749f0b7917"
  integrity sha512-hCR3PJQsAIXyxhTNSiDFY//LhnMZWpNNr5etoCqx/iUfGc5gXWtQR2Phl908jVR6uPXacojQWTg4qRpkxTuGug==
  dependencies:
    "@types/prop-types" "*"
    "@types/scheduler" "*"
    csstype "^3.0.2"

"@types/scheduler@*":
  version "0.16.2"
  resolved "https://registry.yarnpkg.com/@types/scheduler/-/scheduler-0.16.2.tgz#1a62f89525723dde24ba1b01b092bf5df8ad4d39"
  integrity sha512-hppQEBDmlwhFAXKJX2KnWLYu5yMfi91yazPb2l+lbJiwW+wdo1gNeRA+3RgNSO39WYX2euey41KEwnqesU2Jew==

caniuse-lite@^1.0.30001406:
  version "1.0.30001436"
  resolved "https://registry.yarnpkg.com/caniuse-lite/-/caniuse-lite-1.0.30001436.tgz#22d7cbdbbbb60cdc4ca1030ccd6dea9f5de4848b"
  integrity sha512-ZmWkKsnC2ifEPoWUvSAIGyOYwT+keAaaWPHiQ9DfMqS1t6tfuyFYoWR78TeZtznkEQ64+vGXH9cZrElwR2Mrxg==

client-only@0.0.1:
  version "0.0.1"
  resolved "https://registry.yarnpkg.com/client-only/-/client-only-0.0.1.tgz#38bba5d403c41ab150bff64a95c85013cf73bca1"
  integrity sha512-IV3Ou0jSMzZrd3pZ48nLkT9DA7Ag1pnPzaiQhpW7c3RbcqqzvzzVu+L8gfqMp/8IM2MQtSiqaCxrrcfu8I8rMA==

csstype@^3.0.2:
  version "3.1.1"
  resolved "https://registry.yarnpkg.com/csstype/-/csstype-3.1.1.tgz#841b532c45c758ee546a11d5bd7b7b473c8c30b9"
  integrity sha512-DJR/VvkAvSZW9bTouZue2sSxDwdTN92uHjqeKVm+0dAqdfNykRzQ95tay8aXMBAAPpUiq4Qcug2L7neoRh2Egw==

"js-tokens@^3.0.0 || ^4.0.0":
  version "4.0.0"
  resolved "https://registry.yarnpkg.com/js-tokens/-/js-tokens-4.0.0.tgz#19203fb59991df98e3a287050d4647cdeaf32499"
  integrity sha512-RdJUflcE3cUzKiMqQgsCu06FPu9UdIJO0beYbPhHN4k6apgJtifcoCtT9bcxOpYBtpD2kCM6Sbzg4CausW/PKQ==

loose-envify@^1.1.0:
  version "1.4.0"
  resolved "https://registry.yarnpkg.com/loose-envify/-/loose-envify-1.4.0.tgz#71ee51fa7be4caec1a63839f7e682d8132d30caf"
  integrity sha512-lyuxPGr/Wfhrlem2CL/UcnUc1zcqKAImBDzukY7Y5F/yQiNdko6+fRLevlw1HgMySw7f611UIY408EtxRSoK3Q==
  dependencies:
    js-tokens "^3.0.0 || ^4.0.0"

nanoid@^3.3.4:
  version "3.3.4"
  resolved "https://registry.yarnpkg.com/nanoid/-/nanoid-3.3.4.tgz#730b67e3cd09e2deacf03c027c81c9d9dbc5e8ab"
  integrity sha512-MqBkQh/OHTS2egovRtLk45wEyNXwF+cokD+1YPf9u5VfJiRdAiRwB2froX5Co9Rh20xs4siNPm8naNotSD6RBw==

next@canary:
  version "13.0.7-canary.1"
  resolved "https://registry.yarnpkg.com/next/-/next-13.0.7-canary.1.tgz#74f9d75a559b2c04b0a7e002302eb7c928b2e4c8"
  integrity sha512-xfLT5Ikty2zcFCYSsYaQta3Dik09BJmwwj5a3i/ceh+51rJ+I3lP9+BbB9dUCUmgftOgxyyFUkzIZJ/gi3fUiQ==
  dependencies:
    "@next/env" "13.0.7-canary.1"
    "@swc/helpers" "0.4.14"
    caniuse-lite "^1.0.30001406"
    postcss "8.4.14"
    styled-jsx "5.1.0"
  optionalDependencies:
    "@next/swc-android-arm-eabi" "13.0.7-canary.1"
    "@next/swc-android-arm64" "13.0.7-canary.1"
    "@next/swc-darwin-arm64" "13.0.7-canary.1"
    "@next/swc-darwin-x64" "13.0.7-canary.1"
    "@next/swc-freebsd-x64" "13.0.7-canary.1"
    "@next/swc-linux-arm-gnueabihf" "13.0.7-canary.1"
    "@next/swc-linux-arm64-gnu" "13.0.7-canary.1"
    "@next/swc-linux-arm64-musl" "13.0.7-canary.1"
    "@next/swc-linux-x64-gnu" "13.0.7-canary.1"
    "@next/swc-linux-x64-musl" "13.0.7-canary.1"
    "@next/swc-win32-arm64-msvc" "13.0.7-canary.1"
    "@next/swc-win32-ia32-msvc" "13.0.7-canary.1"
    "@next/swc-win32-x64-msvc" "13.0.7-canary.1"

picocolors@^1.0.0:
  version "1.0.0"
  resolved "https://registry.yarnpkg.com/picocolors/-/picocolors-1.0.0.tgz#cb5bdc74ff3f51892236eaf79d68bc44564ab81c"
  integrity sha512-1fygroTLlHu66zi26VoTDv8yRgm0Fccecssto+MhsZ0D/DGW2sm8E8AjW7NU5VVTRt5GxbeZ5qBuJr+HyLYkjQ==

postcss@8.4.14:
  version "8.4.14"
  resolved "https://registry.yarnpkg.com/postcss/-/postcss-8.4.14.tgz#ee9274d5622b4858c1007a74d76e42e56fd21caf"
  integrity sha512-E398TUmfAYFPBSdzgeieK2Y1+1cpdxJx8yXbK/m57nRhKSmk1GB2tO4lbLBtlkfPQTDKfe4Xqv1ASWPpayPEig==
  dependencies:
    nanoid "^3.3.4"
    picocolors "^1.0.0"
    source-map-js "^1.0.2"

react-dom@^18.2.0:
  version "18.2.0"
  resolved "https://registry.yarnpkg.com/react-dom/-/react-dom-18.2.0.tgz#22aaf38708db2674ed9ada224ca4aa708d821e3d"
  integrity sha512-6IMTriUmvsjHUjNtEDudZfuDQUoWXVxKHhlEGSk81n4YFS+r/Kl99wXiwlVXtPBtJenozv2P+hxDsw9eA7Xo6g==
  dependencies:
    loose-envify "^1.1.0"
    scheduler "^0.23.0"

react@^18.2.0:
  version "18.2.0"
  resolved "https://registry.yarnpkg.com/react/-/react-18.2.0.tgz#555bd98592883255fa00de14f1151a917b5d77d5"
  integrity sha512-/3IjMdb2L9QbBdWiW5e3P2/npwMBaU9mHCSCUzNln0ZCYbcfTsGbTJrU/kGemdH2IWmB2ioZ+zkxtmq6g09fGQ==
  dependencies:
    loose-envify "^1.1.0"

scheduler@^0.23.0:
  version "0.23.0"
  resolved "https://registry.yarnpkg.com/scheduler/-/scheduler-0.23.0.tgz#ba8041afc3d30eb206a487b6b384002e4e61fdfe"
  integrity sha512-CtuThmgHNg7zIZWAXi3AsyIzA3n4xx7aNyjwC2VJldO2LMVDhFK+63xGqq6CsJH4rTAt6/M+N4GhZiDYPx9eUw==
  dependencies:
    loose-envify "^1.1.0"

source-map-js@^1.0.2:
  version "1.0.2"
  resolved "https://registry.yarnpkg.com/source-map-js/-/source-map-js-1.0.2.tgz#adbc361d9c62df380125e7f161f71c826f1e490c"
  integrity sha512-R0XvVJ9WusLiqTCEiGCmICCMplcCkIwwR11mOSD9CR5u+IXYdiseeEuXCVAjS54zqwkLcPNnmU4OeJ6tUrWhDw==

styled-jsx@5.1.0:
  version "5.1.0"
  resolved "https://registry.yarnpkg.com/styled-jsx/-/styled-jsx-5.1.0.tgz#4a5622ab9714bd3fcfaeec292aa555871f057563"
  integrity sha512-/iHaRJt9U7T+5tp6TRelLnqBqiaIT0HsO0+vgyj8hK2KUk7aejFqRrumqPUlAqDwAj8IbS/1hk3IhBAAK/FCUQ==
  dependencies:
    client-only "0.0.1"

tslib@^2.4.0:
  version "2.4.1"
  resolved "https://registry.yarnpkg.com/tslib/-/tslib-2.4.1.tgz#0d0bfbaac2880b91e22df0768e55be9753a5b17e"
  integrity sha512-tGyy4dAjRIEwI7BzsB0lynWgOpfqjUdq91XXAlIWD2OwKBH7oCl/GZG/HT4BOHrTlPMOASlMQ7veyTqpmRcrNA==

typescript@^4.7.4:
  version "4.9.3"
  resolved "https://registry.yarnpkg.com/typescript/-/typescript-4.9.3.tgz#3aea307c1746b8c384435d8ac36b8a2e580d85db"
  integrity sha512-CIfGzTelbKNEnLpLdGFgdyKhG23CKdKgQPOBc+OUNrkJ2vr+KSzsSV5kq5iWhEQbok+quxgGzrAtGWCyU7tHnA==
